// !$*UTF8*$!
{
	archiveVersion = 1;
	classes = {
	};
	objectVersion = 46;
	objects = {

/* Begin PBXBuildFile section */
		B54E240B1798DBD9006B9F67 /* Pods.framework in Frameworks */ = {isa = PBXBuildFile; fileRef = 7147EB53D7AF19442DBCA536 /* Pods.framework */; settings = {ATTRIBUTES = (Weak, ); }; };
		E6BA80B71B2ECD470087D302 /* AppDelegate.swift in Sources */ = {isa = PBXBuildFile; fileRef = E6BA80B61B2ECD470087D302 /* AppDelegate.swift */; };
		E6BA80B91B2ECD470087D302 /* ViewController.swift in Sources */ = {isa = PBXBuildFile; fileRef = E6BA80B81B2ECD470087D302 /* ViewController.swift */; };
		E6BA80BC1B2ECD470087D302 /* Main.storyboard in Resources */ = {isa = PBXBuildFile; fileRef = E6BA80BA1B2ECD470087D302 /* Main.storyboard */; };
		E6BA80BE1B2ECD470087D302 /* Images.xcassets in Resources */ = {isa = PBXBuildFile; fileRef = E6BA80BD1B2ECD470087D302 /* Images.xcassets */; };
		E6BA80C11B2ECD470087D302 /* LaunchScreen.xib in Resources */ = {isa = PBXBuildFile; fileRef = E6BA80BF1B2ECD470087D302 /* LaunchScreen.xib */; };
		E6BA80CD1B2ECD470087D302 /* signals_swift_helloworldTests.swift in Sources */ = {isa = PBXBuildFile; fileRef = E6BA80CC1B2ECD470087D302 /* signals_swift_helloworldTests.swift */; };
/* End PBXBuildFile section */

/* Begin PBXContainerItemProxy section */
		E6BA80C71B2ECD470087D302 /* PBXContainerItemProxy */ = {
			isa = PBXContainerItemProxy;
			containerPortal = E6BA80A91B2ECD470087D302 /* Project object */;
			proxyType = 1;
			remoteGlobalIDString = E6BA80B01B2ECD470087D302;
			remoteInfo = "signals-swift-helloworld";
		};
/* End PBXContainerItemProxy section */

/* Begin PBXFileReference section */
		504A637A9C2C024F5928D93D /* Pods.debug.xcconfig */ = {isa = PBXFileReference; includeInIndex = 1; lastKnownFileType = text.xcconfig; name = Pods.debug.xcconfig; path = "Pods/Target Support Files/Pods/Pods.debug.xcconfig"; sourceTree = "<group>"; };
		7147EB53D7AF19442DBCA536 /* Pods.framework */ = {isa = PBXFileReference; explicitFileType = wrapper.framework; includeInIndex = 0; path = Pods.framework; sourceTree = BUILT_PRODUCTS_DIR; };
		8F7C1F72E074786840EF4F14 /* Pods.release.xcconfig */ = {isa = PBXFileReference; includeInIndex = 1; lastKnownFileType = text.xcconfig; name = Pods.release.xcconfig; path = "Pods/Target Support Files/Pods/Pods.release.xcconfig"; sourceTree = "<group>"; };
		E6BA80B11B2ECD470087D302 /* signals-swift-helloworld.app */ = {isa = PBXFileReference; explicitFileType = wrapper.application; includeInIndex = 0; path = "signals-swift-helloworld.app"; sourceTree = BUILT_PRODUCTS_DIR; };
		E6BA80B51B2ECD470087D302 /* Info.plist */ = {isa = PBXFileReference; lastKnownFileType = text.plist.xml; path = Info.plist; sourceTree = "<group>"; };
		E6BA80B61B2ECD470087D302 /* AppDelegate.swift */ = {isa = PBXFileReference; lastKnownFileType = sourcecode.swift; path = AppDelegate.swift; sourceTree = "<group>"; };
		E6BA80B81B2ECD470087D302 /* ViewController.swift */ = {isa = PBXFileReference; lastKnownFileType = sourcecode.swift; path = ViewController.swift; sourceTree = "<group>"; };
		E6BA80BB1B2ECD470087D302 /* Base */ = {isa = PBXFileReference; lastKnownFileType = file.storyboard; name = Base; path = Base.lproj/Main.storyboard; sourceTree = "<group>"; };
		E6BA80BD1B2ECD470087D302 /* Images.xcassets */ = {isa = PBXFileReference; lastKnownFileType = folder.assetcatalog; path = Images.xcassets; sourceTree = "<group>"; };
		E6BA80C01B2ECD470087D302 /* Base */ = {isa = PBXFileReference; lastKnownFileType = file.xib; name = Base; path = Base.lproj/LaunchScreen.xib; sourceTree = "<group>"; };
		E6BA80C61B2ECD470087D302 /* signals-swift-helloworldTests.xctest */ = {isa = PBXFileReference; explicitFileType = wrapper.cfbundle; includeInIndex = 0; path = "signals-swift-helloworldTests.xctest"; sourceTree = BUILT_PRODUCTS_DIR; };
		E6BA80CB1B2ECD470087D302 /* Info.plist */ = {isa = PBXFileReference; lastKnownFileType = text.plist.xml; path = Info.plist; sourceTree = "<group>"; };
		E6BA80CC1B2ECD470087D302 /* signals_swift_helloworldTests.swift */ = {isa = PBXFileReference; lastKnownFileType = sourcecode.swift; path = signals_swift_helloworldTests.swift; sourceTree = "<group>"; };
/* End PBXFileReference section */

/* Begin PBXFrameworksBuildPhase section */
		E6BA80AE1B2ECD470087D302 /* Frameworks */ = {
			isa = PBXFrameworksBuildPhase;
			buildActionMask = 2147483647;
			files = (
				B54E240B1798DBD9006B9F67 /* Pods.framework in Frameworks */,
			);
			runOnlyForDeploymentPostprocessing = 0;
		};
		E6BA80C31B2ECD470087D302 /* Frameworks */ = {
			isa = PBXFrameworksBuildPhase;
			buildActionMask = 2147483647;
			files = (
			);
			runOnlyForDeploymentPostprocessing = 0;
		};
/* End PBXFrameworksBuildPhase section */

/* Begin PBXGroup section */
		BAAAD27872A271475F4EBF84 /* Pods */ = {
			isa = PBXGroup;
			children = (
				504A637A9C2C024F5928D93D /* Pods.debug.xcconfig */,
				8F7C1F72E074786840EF4F14 /* Pods.release.xcconfig */,
			);
			name = Pods;
			sourceTree = "<group>";
		};
		E322C3F402FA6B842F22D7C7 /* Frameworks */ = {
			isa = PBXGroup;
			children = (
				7147EB53D7AF19442DBCA536 /* Pods.framework */,
			);
			name = Frameworks;
			sourceTree = "<group>";
		};
		E6BA80A81B2ECD470087D302 = {
			isa = PBXGroup;
			children = (
				E6BA80B31B2ECD470087D302 /* signals-swift-helloworld */,
				E6BA80C91B2ECD470087D302 /* signals-swift-helloworldTests */,
				E6BA80B21B2ECD470087D302 /* Products */,
				BAAAD27872A271475F4EBF84 /* Pods */,
				E322C3F402FA6B842F22D7C7 /* Frameworks */,
			);
			sourceTree = "<group>";
		};
		E6BA80B21B2ECD470087D302 /* Products */ = {
			isa = PBXGroup;
			children = (
				E6BA80B11B2ECD470087D302 /* signals-swift-helloworld.app */,
				E6BA80C61B2ECD470087D302 /* signals-swift-helloworldTests.xctest */,
			);
			name = Products;
			sourceTree = "<group>";
		};
		E6BA80B31B2ECD470087D302 /* signals-swift-helloworld */ = {
			isa = PBXGroup;
			children = (
				E6BA80B61B2ECD470087D302 /* AppDelegate.swift */,
				E6BA80B81B2ECD470087D302 /* ViewController.swift */,
				E6BA80BA1B2ECD470087D302 /* Main.storyboard */,
				E6BA80BD1B2ECD470087D302 /* Images.xcassets */,
				E6BA80BF1B2ECD470087D302 /* LaunchScreen.xib */,
				E6BA80B41B2ECD470087D302 /* Supporting Files */,
			);
			path = "signals-swift-helloworld";
			sourceTree = "<group>";
		};
		E6BA80B41B2ECD470087D302 /* Supporting Files */ = {
			isa = PBXGroup;
			children = (
				E6BA80B51B2ECD470087D302 /* Info.plist */,
			);
			name = "Supporting Files";
			sourceTree = "<group>";
		};
		E6BA80C91B2ECD470087D302 /* signals-swift-helloworldTests */ = {
			isa = PBXGroup;
			children = (
				E6BA80CC1B2ECD470087D302 /* signals_swift_helloworldTests.swift */,
				E6BA80CA1B2ECD470087D302 /* Supporting Files */,
			);
			path = "signals-swift-helloworldTests";
			sourceTree = "<group>";
		};
		E6BA80CA1B2ECD470087D302 /* Supporting Files */ = {
			isa = PBXGroup;
			children = (
				E6BA80CB1B2ECD470087D302 /* Info.plist */,
			);
			name = "Supporting Files";
			sourceTree = "<group>";
		};
/* End PBXGroup section */

/* Begin PBXNativeTarget section */
		E6BA80B01B2ECD470087D302 /* signals-swift-helloworld */ = {
			isa = PBXNativeTarget;
			buildConfigurationList = E6BA80D01B2ECD470087D302 /* Build configuration list for PBXNativeTarget "signals-swift-helloworld" */;
			buildPhases = (
				03F50F67DC6F6C58277516AC /* Check Pods Manifest.lock */,
				E6BA80AD1B2ECD470087D302 /* Sources */,
				E6BA80AE1B2ECD470087D302 /* Frameworks */,
				E6BA80AF1B2ECD470087D302 /* Resources */,
				AAAB2DE4C79FC8FDA70C701B /* Embed Pods Frameworks */,
				F4BF6D7DD2C62E42FD1CF016 /* Copy Pods Resources */,
			);
			buildRules = (
			);
			dependencies = (
			);
			name = "signals-swift-helloworld";
			productName = "signals-swift-helloworld";
			productReference = E6BA80B11B2ECD470087D302 /* signals-swift-helloworld.app */;
			productType = "com.apple.product-type.application";
		};
		E6BA80C51B2ECD470087D302 /* signals-swift-helloworldTests */ = {
			isa = PBXNativeTarget;
			buildConfigurationList = E6BA80D31B2ECD470087D302 /* Build configuration list for PBXNativeTarget "signals-swift-helloworldTests" */;
			buildPhases = (
				E6BA80C21B2ECD470087D302 /* Sources */,
				E6BA80C31B2ECD470087D302 /* Frameworks */,
				E6BA80C41B2ECD470087D302 /* Resources */,
			);
			buildRules = (
			);
			dependencies = (
				E6BA80C81B2ECD470087D302 /* PBXTargetDependency */,
			);
			name = "signals-swift-helloworldTests";
			productName = "signals-swift-helloworldTests";
			productReference = E6BA80C61B2ECD470087D302 /* signals-swift-helloworldTests.xctest */;
			productType = "com.apple.product-type.bundle.unit-test";
		};
/* End PBXNativeTarget section */

/* Begin PBXProject section */
		E6BA80A91B2ECD470087D302 /* Project object */ = {
			isa = PBXProject;
			attributes = {
				LastUpgradeCheck = 0630;
				ORGANIZATIONNAME = Debokeh;
				TargetAttributes = {
					E6BA80B01B2ECD470087D302 = {
						CreatedOnToolsVersion = 6.3.2;
					};
					E6BA80C51B2ECD470087D302 = {
						CreatedOnToolsVersion = 6.3.2;
						TestTargetID = E6BA80B01B2ECD470087D302;
					};
				};
			};
			buildConfigurationList = E6BA80AC1B2ECD470087D302 /* Build configuration list for PBXProject "signals-swift-helloworld" */;
			compatibilityVersion = "Xcode 3.2";
			developmentRegion = English;
			hasScannedForEncodings = 0;
			knownRegions = (
				en,
				Base,
			);
			mainGroup = E6BA80A81B2ECD470087D302;
			productRefGroup = E6BA80B21B2ECD470087D302 /* Products */;
			projectDirPath = "";
			projectRoot = "";
			targets = (
				E6BA80B01B2ECD470087D302 /* signals-swift-helloworld */,
				E6BA80C51B2ECD470087D302 /* signals-swift-helloworldTests */,
			);
		};
/* End PBXProject section */

/* Begin PBXResourcesBuildPhase section */
		E6BA80AF1B2ECD470087D302 /* Resources */ = {
			isa = PBXResourcesBuildPhase;
			buildActionMask = 2147483647;
			files = (
				E6BA80BC1B2ECD470087D302 /* Main.storyboard in Resources */,
				E6BA80C11B2ECD470087D302 /* LaunchScreen.xib in Resources */,
				E6BA80BE1B2ECD470087D302 /* Images.xcassets in Resources */,
			);
			runOnlyForDeploymentPostprocessing = 0;
		};
		E6BA80C41B2ECD470087D302 /* Resources */ = {
			isa = PBXResourcesBuildPhase;
			buildActionMask = 2147483647;
			files = (
			);
			runOnlyForDeploymentPostprocessing = 0;
		};
/* End PBXResourcesBuildPhase section */

/* Begin PBXShellScriptBuildPhase section */
		03F50F67DC6F6C58277516AC /* Check Pods Manifest.lock */ = {
			isa = PBXShellScriptBuildPhase;
			buildActionMask = 2147483647;
			files = (
			);
			inputPaths = (
			);
			name = "Check Pods Manifest.lock";
			outputPaths = (
			);
			runOnlyForDeploymentPostprocessing = 0;
			shellPath = /bin/sh;
			shellScript = "diff \"${PODS_ROOT}/../Podfile.lock\" \"${PODS_ROOT}/Manifest.lock\" > /dev/null\nif [[ $? != 0 ]] ; then\n    cat << EOM\nerror: The sandbox is not in sync with the Podfile.lock. Run 'pod install' or update your CocoaPods installation.\nEOM\n    exit 1\nfi\n";
			showEnvVarsInLog = 0;
		};
		AAAB2DE4C79FC8FDA70C701B /* Embed Pods Frameworks */ = {
			isa = PBXShellScriptBuildPhase;
			buildActionMask = 2147483647;
			files = (
			);
			inputPaths = (
			);
			name = "Embed Pods Frameworks";
			outputPaths = (
			);
			runOnlyForDeploymentPostprocessing = 0;
			shellPath = /bin/sh;
			shellScript = "\"${SRCROOT}/Pods/Target Support Files/Pods/Pods-frameworks.sh\"\n";
			showEnvVarsInLog = 0;
		};
		F4BF6D7DD2C62E42FD1CF016 /* Copy Pods Resources */ = {
			isa = PBXShellScriptBuildPhase;
			buildActionMask = 2147483647;
			files = (
			);
			inputPaths = (
			);
			name = "Copy Pods Resources";
			outputPaths = (
			);
			runOnlyForDeploymentPostprocessing = 0;
			shellPath = /bin/sh;
			shellScript = "\"${SRCROOT}/Pods/Target Support Files/Pods/Pods-resources.sh\"\n";
			showEnvVarsInLog = 0;
		};
/* End PBXShellScriptBuildPhase section */

/* Begin PBXSourcesBuildPhase section */
		E6BA80AD1B2ECD470087D302 /* Sources */ = {
			isa = PBXSourcesBuildPhase;
			buildActionMask = 2147483647;
			files = (
				E6BA80B91B2ECD470087D302 /* ViewController.swift in Sources */,
				E6BA80B71B2ECD470087D302 /* AppDelegate.swift in Sources */,
			);
			runOnlyForDeploymentPostprocessing = 0;
		};
		E6BA80C21B2ECD470087D302 /* Sources */ = {
			isa = PBXSourcesBuildPhase;
			buildActionMask = 2147483647;
			files = (
				E6BA80CD1B2ECD470087D302 /* signals_swift_helloworldTests.swift in Sources */,
			);
			runOnlyForDeploymentPostprocessing = 0;
		};
/* End PBXSourcesBuildPhase section */

/* Begin PBXTargetDependency section */
		E6BA80C81B2ECD470087D302 /* PBXTargetDependency */ = {
			isa = PBXTargetDependency;
			target = E6BA80B01B2ECD470087D302 /* signals-swift-helloworld */;
			targetProxy = E6BA80C71B2ECD470087D302 /* PBXContainerItemProxy */;
		};
/* End PBXTargetDependency section */

/* Begin PBXVariantGroup section */
		E6BA80BA1B2ECD470087D302 /* Main.storyboard */ = {
			isa = PBXVariantGroup;
			children = (
				E6BA80BB1B2ECD470087D302 /* Base */,
			);
			name = Main.storyboard;
			sourceTree = "<group>";
		};
		E6BA80BF1B2ECD470087D302 /* LaunchScreen.xib */ = {
			isa = PBXVariantGroup;
			children = (
				E6BA80C01B2ECD470087D302 /* Base */,
			);
			name = LaunchScreen.xib;
			sourceTree = "<group>";
		};
/* End PBXVariantGroup section */

/* Begin XCBuildConfiguration section */
		E6BA80CE1B2ECD470087D302 /* Debug */ = {
			isa = XCBuildConfiguration;
			buildSettings = {
				ALWAYS_SEARCH_USER_PATHS = NO;
				CLANG_CXX_LANGUAGE_STANDARD = "gnu++0x";
				CLANG_CXX_LIBRARY = "libc++";
				CLANG_ENABLE_MODULES = YES;
				CLANG_ENABLE_OBJC_ARC = YES;
				CLANG_WARN_BOOL_CONVERSION = YES;
				CLANG_WARN_CONSTANT_CONVERSION = YES;
				CLANG_WARN_DIRECT_OBJC_ISA_USAGE = YES_ERROR;
				CLANG_WARN_EMPTY_BODY = YES;
				CLANG_WARN_ENUM_CONVERSION = YES;
				CLANG_WARN_INT_CONVERSION = YES;
				CLANG_WARN_OBJC_ROOT_CLASS = YES_ERROR;
				CLANG_WARN_UNREACHABLE_CODE = YES;
				CLANG_WARN__DUPLICATE_METHOD_MATCH = YES;
				"CODE_SIGN_IDENTITY[sdk=iphoneos*]" = "iPhone Developer";
				COPY_PHASE_STRIP = NO;
				DEBUG_INFORMATION_FORMAT = "dwarf-with-dsym";
				ENABLE_STRICT_OBJC_MSGSEND = YES;
				GCC_C_LANGUAGE_STANDARD = gnu99;
				GCC_DYNAMIC_NO_PIC = NO;
				GCC_NO_COMMON_BLOCKS = YES;
				GCC_OPTIMIZATION_LEVEL = 0;
				GCC_PREPROCESSOR_DEFINITIONS = (
					"DEBUG=1",
					"$(inherited)",
				);
				GCC_SYMBOLS_PRIVATE_EXTERN = NO;
				GCC_WARN_64_TO_32_BIT_CONVERSION = YES;
				GCC_WARN_ABOUT_RETURN_TYPE = YES_ERROR;
				GCC_WARN_UNDECLARED_SELECTOR = YES;
				GCC_WARN_UNINITIALIZED_AUTOS = YES_AGGRESSIVE;
				GCC_WARN_UNUSED_FUNCTION = YES;
				GCC_WARN_UNUSED_VARIABLE = YES;
				IPHONEOS_DEPLOYMENT_TARGET = 8.3;
				MTL_ENABLE_DEBUG_INFO = YES;
				ONLY_ACTIVE_ARCH = YES;
				SDKROOT = iphoneos;
				SWIFT_OPTIMIZATION_LEVEL = "-Onone";
				TARGETED_DEVICE_FAMILY = "1,2";
			};
			name = Debug;
		};
		E6BA80CF1B2ECD470087D302 /* Release */ = {
			isa = XCBuildConfiguration;
			buildSettings = {
				ALWAYS_SEARCH_USER_PATHS = NO;
				CLANG_CXX_LANGUAGE_STANDARD = "gnu++0x";
				CLANG_CXX_LIBRARY = "libc++";
				CLANG_ENABLE_MODULES = YES;
				CLANG_ENABLE_OBJC_ARC = YES;
				CLANG_WARN_BOOL_CONVERSION = YES;
				CLANG_WARN_CONSTANT_CONVERSION = YES;
				CLANG_WARN_DIRECT_OBJC_ISA_USAGE = YES_ERROR;
				CLANG_WARN_EMPTY_BODY = YES;
				CLANG_WARN_ENUM_CONVERSION = YES;
				CLANG_WARN_INT_CONVERSION = YES;
				CLANG_WARN_OBJC_ROOT_CLASS = YES_ERROR;
				CLANG_WARN_UNREACHABLE_CODE = YES;
				CLANG_WARN__DUPLICATE_METHOD_MATCH = YES;
				"CODE_SIGN_IDENTITY[sdk=iphoneos*]" = "iPhone Developer";
				COPY_PHASE_STRIP = NO;
				DEBUG_INFORMATION_FORMAT = "dwarf-with-dsym";
				ENABLE_NS_ASSERTIONS = NO;
				ENABLE_STRICT_OBJC_MSGSEND = YES;
				GCC_C_LANGUAGE_STANDARD = gnu99;
				GCC_NO_COMMON_BLOCKS = YES;
				GCC_WARN_64_TO_32_BIT_CONVERSION = YES;
				GCC_WARN_ABOUT_RETURN_TYPE = YES_ERROR;
				GCC_WARN_UNDECLARED_SELECTOR = YES;
				GCC_WARN_UNINITIALIZED_AUTOS = YES_AGGRESSIVE;
				GCC_WARN_UNUSED_FUNCTION = YES;
				GCC_WARN_UNUSED_VARIABLE = YES;
				IPHONEOS_DEPLOYMENT_TARGET = 8.3;
				MTL_ENABLE_DEBUG_INFO = NO;
				SDKROOT = iphoneos;
				TARGETED_DEVICE_FAMILY = "1,2";
				VALIDATE_PRODUCT = YES;
			};
			name = Release;
		};
		E6BA80D11B2ECD470087D302 /* Debug */ = {
			isa = XCBuildConfiguration;
			baseConfigurationReference = 504A637A9C2C024F5928D93D /* Pods.debug.xcconfig */;
			buildSettings = {
				ASSETCATALOG_COMPILER_APPICON_NAME = AppIcon;
				INFOPLIST_FILE = "signals-swift-helloworld/Info.plist";
				LD_RUNPATH_SEARCH_PATHS = "$(inherited) @executable_path/Frameworks";
				PRODUCT_NAME = "$(TARGET_NAME)";
			};
			name = Debug;
		};
		E6BA80D21B2ECD470087D302 /* Release */ = {
			isa = XCBuildConfiguration;
			baseConfigurationReference = 8F7C1F72E074786840EF4F14 /* Pods.release.xcconfig */;
			buildSettings = {
				ASSETCATALOG_COMPILER_APPICON_NAME = AppIcon;
				INFOPLIST_FILE = "signals-swift-helloworld/Info.plist";
				LD_RUNPATH_SEARCH_PATHS = "$(inherited) @executable_path/Frameworks";
				PRODUCT_NAME = "$(TARGET_NAME)";
			};
			name = Release;
		};
		E6BA80D41B2ECD470087D302 /* Debug */ = {
			isa = XCBuildConfiguration;
			buildSettings = {
				BUNDLE_LOADER = "$(TEST_HOST)";
				FRAMEWORK_SEARCH_PATHS = (
					"$(SDKROOT)/Developer/Library/Frameworks",
					"$(inherited)",
				);
				GCC_PREPROCESSOR_DEFINITIONS = (
					"DEBUG=1",
					"$(inherited)",
				);
				INFOPLIST_FILE = "signals-swift-helloworldTests/Info.plist";
				LD_RUNPATH_SEARCH_PATHS = "$(inherited) @executable_path/Frameworks @loader_path/Frameworks";
				PRODUCT_NAME = "$(TARGET_NAME)";
				TEST_HOST = "$(BUILT_PRODUCTS_DIR)/signals-swift-helloworld.app/signals-swift-helloworld";
			};
			name = Debug;
		};
		E6BA80D51B2ECD470087D302 /* Release */ = {
			isa = XCBuildConfiguration;
			buildSettings = {
				BUNDLE_LOADER = "$(TEST_HOST)";
				FRAMEWORK_SEARCH_PATHS = (
					"$(SDKROOT)/Developer/Library/Frameworks",
					"$(inherited)",
				);
				INFOPLIST_FILE = "signals-swift-helloworldTests/Info.plist";
				LD_RUNPATH_SEARCH_PATHS = "$(inherited) @executable_path/Frameworks @loader_path/Frameworks";
				PRODUCT_NAME = "$(TARGET_NAME)";
				TEST_HOST = "$(BUILT_PRODUCTS_DIR)/signals-swift-helloworld.app/signals-swift-helloworld";
			};
			name = Release;
		};
/* End XCBuildConfiguration section */

/* Begin XCConfigurationList section */
		E6BA80AC1B2ECD470087D302 /* Build configuration list for PBXProject "signals-swift-helloworld" */ = {
			isa = XCConfigurationList;
			buildConfigurations = (
				E6BA80CE1B2ECD470087D302 /* Debug */,
				E6BA80CF1B2ECD470087D302 /* Release */,
			);
			defaultConfigurationIsVisible = 0;
			defaultConfigurationName = Release;
		};
		E6BA80D01B2ECD470087D302 /* Build configuration list for PBXNativeTarget "signals-swift-helloworld" */ = {
			isa = XCConfigurationList;
			buildConfigurations = (
				E6BA80D11B2ECD470087D302 /* Debug */,
				E6BA80D21B2ECD470087D302 /* Release */,
			);
			defaultConfigurationIsVisible = 0;
			defaultConfigurationName = Release;
		};
		E6BA80D31B2ECD470087D302 /* Build configuration list for PBXNativeTarget "signals-swift-helloworldTests" */ = {
			isa = XCConfigurationList;
			buildConfigurations = (
				E6BA80D41B2ECD470087D302 /* Debug */,
				E6BA80D51B2ECD470087D302 /* Release */,
			);
			defaultConfigurationIsVisible = 0;
			defaultConfigurationName = Release;
		};
/* End XCConfigurationList section */
	};
	rootObject = E6BA80A91B2ECD470087D302 /* Project object */;
}
